{
    "_readme": [
        "This file locks the dependencies of your project to a known state",
        "Read more about it at http://getcomposer.org/doc/01-basic-usage.md#composer-lock-the-lock-file"
    ],
    "hash": "5422dfb15c2e3d50f7a2c317c9848004",
    "packages": [
        {
            "name": "janrain/plex",
            "version": "dev-master",
            "source": {
                "type": "git",
                "url": "https://github.com/byron-janrain/jump-core.git",
                "reference": "e52397fc25fa79584fc9305ed3baf01beee90182"
            },
            "dist": {
                "type": "zip",
                "url": "https://api.github.com/repos/byron-janrain/jump-core/zipball/e52397fc25fa79584fc9305ed3baf01beee90182",
                "reference": "e52397fc25fa79584fc9305ed3baf01beee90182",
                "shasum": ""
            },
            "require": {
                "php": ">5.3.0",
                "psr/log": "*"
            },
            "require-dev": {
                "apigen/apigen": "2.8.*",
                "phpunit/phpunit": "3.7.*"
            },
            "type": "library",
            "autoload": {
                "psr-0": {
                    "janrain": "lib/"
                }
            },
            "notification-url": "https://packagist.org/downloads/",
            "license": [
                "Apache-2.0"
            ],
            "time": "2013-06-17 19:57:02"
        },
        {
            "name": "psr/log",
            "version": "dev-master",
            "source": {
                "type": "git",
                "url": "https://github.com/php-fig/log.git",
                "reference": "1.0.0"
            },
            "dist": {
                "type": "zip",
                "url": "https://api.github.com/repos/php-fig/log/zipball/1.0.0",
                "reference": "1.0.0",
                "shasum": ""
            },
            "type": "library",
            "autoload": {
                "psr-0": {
                    "Psr\\Log\\": ""
                }
            },
            "notification-url": "https://packagist.org/downloads/",
            "license": [
                "MIT"
            ],
            "authors": [
                {
                    "name": "PHP-FIG",
                    "homepage": "http://www.php-fig.org/"
                }
            ],
            "description": "Common interface for logging libraries",
            "keywords": [
                "log",
                "psr",
                "psr-3"
            ],
            "time": "2012-12-21 11:40:51"
        }
    ],
    "packages-dev": null,
    "aliases": [

    ],
    "minimum-stability": "dev",
    "stability-flags": [

    ],
    "platform": {
        "php": ">5.3.0"
    },
    "platform-dev": [

    ]
}
